github.com/aymanbagabas/go-pty v0.2.2 h1:YZREB4eSj+1xdbbItIokX0ekjjeifgJOA+ZvxU4/WM8=
github.com/aymanbagabas/go-pty v0.2.2/go.mod h1:gfvlwH+0U66BCwxJREjJaAOEs9H1OFf3YFjI9WSiZ04=
github.com/creack/pty v1.1.24 h1:bJrF4RRfyJnbTJqzRLHzcGaZK1NeM5kTC9jGgovnR1s=
github.com/creack/pty v1.1.24/go.mod h1:08sCNb52WyoAwi2QDyzUCTgcvVFhUzewun7wtTfvcwE=
github.com/hugelgupf/vmtest v0.0.0-20240216064925-0561770280a1 h1:jWoR2Yqg8tzM0v6LAiP7i1bikZJu3gxpgvu3g1Lw+a0=
github.com/hugelgupf/vmtest v0.0.0-20240216064925-0561770280a1/go.mod h1:B63hDJMhTupLWCHwopAyEo7wRFowx9kOc8m8j1sfOqE=
github.com/hymkor/gmnlisp v0.7.23 h1:4O61tEkAdOcc/vyVDD1V8LKAUYzQLrMf0UMiqkJ4tHE=
github.com/hymkor/gmnlisp v0.7.23/go.mod h1:Pv7KUqJHx3k+1OraL2x2/jBRlUtvSa8n54bQQVHcz+w=
github.com/hymkor/go-windows1x-virtualterminal v0.5.0 h1:UIMMK09QSLCdM9Up4ny6qmBOrrn3rozxIRPfEUhxmTo=
github.com/hymkor/go-windows1x-virtualterminal v0.5.0/go.mod h1:M/X0FJL+4wQtrm03JnL9gVyvhyscJk3t+ItZ29sla2g=
github.com/u-root/gobusybox/src v0.0.0-20240225013946-a274a8d5d83a h1:eg5FkNoQp76ZsswyGZ+TjYqA/rhKefxK8BW7XOlQsxo=
github.com/u-root/gobusybox/src v0.0.0-20240225013946-a274a8d5d83a/go.mod h1:e/8TmrdreH0sZOw2DFKBaUV7bvDWRq6SeM9PzkuVM68=
github.com/u-root/u-root v0.14.0 h1:Ka4T10EEML7dQ5XDvO9c3MBN8z4nuSnGjcd1jmU2ivg=
github.com/u-root/u-root v0.14.0/go.mod h1:hAyZorapJe4qzbLWlAkmSVCJGbfoU9Pu4jpJ1WMluqE=
golang.org/x/crypto v0.41.0 h1:WKYxWedPGCTVVl5+WHSSrOBT0O8lx32+zxmHxijgXp4=
golang.org/x/crypto v0.41.0/go.mod h1:pO5AFd7FA68rFak7rOAGVuygIISepHftHnr8dr6+sUc=
golang.org/x/mod v0.15.0 h1:SernR4v+D55NyBH2QiEQrlBAnj1ECL6AGrA5+dPaMY8=
golang.org/x/mod v0.15.0/go.mod h1:hTbmBsO62+eylJbnUtE2MGJUyE7QWk4xUqPFrRgJ+7c=
golang.org/x/sys v0.35.0 h1:vz1N37gP5bs89s7He8XuIYXpyY0+QlsKmzipCbUtyxI=
golang.org/x/sys v0.35.0/go.mod h1:BJP2sWEmIv4KK5OTEluFJCKSidICx8ciO85XgH3Ak8k=
golang.org/x/term v0.34.0 h1:O/2T7POpk0ZZ7MAzMeWFSg6S5IpWd/RXDlM9hgM3DR4=
golang.org/x/term v0.34.0/go.mod h1:5jC53AEywhIVebHgPVeg0mj8OD3VO9OzclacVrqpaAw=
golang.org/x/tools v0.18.0 h1:k8NLag8AGHnn+PHbl7g43CtqZAwG60vZkLqgyZgIHgQ=
golang.org/x/tools v0.18.0/go.mod h1:GL7B4CwcLLeo59yx/9UWWuNOW1n3VZ4f5axWfML7Lcg=
